PODS:
  - Ji (2.0.1):
    - Ji/Ji (= 2.0.1)
  - Ji/Ji (2.0.1):
    - Ji/Ji-libxml
  - Ji/Ji-libxml (2.0.1)
  - ReadabilityKit (0.6.0):
    - Ji (~> 2.0.0)

DEPENDENCIES:
  - ReadabilityKit (= 0.6.0)

SPEC CHECKSUMS:
  Ji: 6bb602a28dd08b804158f64990e6051ed5de0110
  ReadabilityKit: 1da678d795d46ac005e406602d2fb684eb4ffec9

PODFILE CHECKSUM: 1952351bdabbe49a0b74c688fae980708ae2fd58

COCOAPODS: 1.3.1
