PODS:
  - Alamofire (4.7.2)
  - MRKit (0.0.1):
    - Alamofire (~> 4.0)
    - ReadabilityKit (= 0.7.0)
  - ReadabilityKit (0.7.0)

DEPENDENCIES:
  - MRKit (from `./MRkit`)

SPEC REPOS:
  https://github.com/CocoaPods/Specs.git:
    - Alamofire
    - ReadabilityKit

EXTERNAL SOURCES:
  MRKit:
    :path: "./MRkit"

SPEC CHECKSUMS:
  Alamofire: e4fa87002c137ba2d8d634d2c51fabcda0d5c223
  MRKit: f1746a5cc876e12dc5cfa343a90b47114725de2b
  ReadabilityKit: 178dccce3fd961c446b88e9985c08464b4430f42

PODFILE CHECKSUM: 71a6ec5f208d15d7beddc2bc40b8fc85bed1036e

COCOAPODS: 1.5.0
